{
  "name": "rest",
  "version": "1.0.1",
  "lockfileVersion": 3,
  "requires": true,
  "packages": {
    "": {
      "name": "rest",
      "version": "1.0.1",
      "license": "ISC",
      "dependencies": {
        "fluorm": "^0.0.5"
      }
    },
    "node_modules/fluorm": {
      "version": "0.0.5",
      "resolved": "https://registry.npmjs.org/fluorm/-/fluorm-0.0.5.tgz",
      "integrity": "sha512-iAEL22+2xe90kATZUBTIs3Gs5dQ2gR4mTuquYmD7Ptfc6g0jVi8guRkoZM84i9XxBV1AkI4DDD/L0UjzpYziRg==",
      "license": "MIT"
    }
  }
}
